<?xml version="1.0" encoding="utf-8"?>
<Project ToolsVersion="14.0" xmlns="http://schemas.microsoft.com/developer/msbuild/2003">
  <ItemGroup>
    <CustomBuild Include="C:\Users\palla\Documents\Qt\chess_gui\CMakeFiles\44a316fba759c6fce89b1beae9213b73\generate.stamp.rule">
      <Filter>CMake Rules</Filter>
    </CustomBuild>
  </ItemGroup>
  <ItemGroup>
    <Filter Include="CMake Rules">
      <UniqueIdentifier>{973B6EED-E023-3282-A2D8-929F5B56AEC9}</UniqueIdentifier>
    </Filter>
  </ItemGroup>
</Project>
